
Microsoft Visual Studio Solution File, Format Version 12.00
# Visual Studio 15
VisualStudioVersion = 15.0.28307.1209
MinimumVisualStudioVersion = 10.0.40219.1
Project("{FAE04EC0-301F-11D3-BF4B-00C04F79EFBC}") = "EliTest", "EliTest\EliTest.csproj", "{7134EA88-E0D5-423C-8D24-5FF163AD1032}"
EndProject
Global
	GlobalSection(SolutionConfigurationPlatforms) = preSolution
		Debug|Any CPU = Debug|Any CPU
		Release|Any CPU = Release|Any CPU
	EndGlobalSection
	GlobalSection(ProjectConfigurationPlatforms) = postSolution
		{7134EA88-E0D5-423C-8D24-5FF163AD1032}.Debug|Any CPU.ActiveCfg = Debug|Any CPU
		{7134EA88-E0D5-423C-8D24-5FF163AD1032}.Debug|Any CPU.Build.0 = Debug|Any CPU
		{7134EA88-E0D5-423C-8D24-5FF163AD1032}.Release|Any CPU.ActiveCfg = Release|Any CPU
		{7134EA88-E0D5-423C-8D24-5FF163AD1032}.Release|Any CPU.Build.0 = Release|Any CPU
	EndGlobalSection
	GlobalSection(SolutionProperties) = preSolution
		HideSolutionNode = FALSE
	EndGlobalSection
	GlobalSection(ExtensibilityGlobals) = postSolution
		SolutionGuid = {FF981213-F0E2-4F46-88F1-50CA46FC2DC8}
	EndGlobalSection
EndGlobal
